
Microsoft Visual Studio Solution File, Format Version 12.00
# Visual Studio Version 16
VisualStudioVersion = 16.0.28407.52
MinimumVisualStudioVersion = 10.0.40219.1
Project("{FAE04EC0-301F-11D3-BF4B-00C04F79EFBC}") = "ScratchCNN", "ScratchCNN\ScratchCNN.csproj", "{29285592-2F00-471A-904C-93476C8D6381}"
EndProject
Global
	GlobalSection(SolutionConfigurationPlatforms) = preSolution
		Debug|Any CPU = Debug|Any CPU
		Release|Any CPU = Release|Any CPU
	EndGlobalSection
	GlobalSection(ProjectConfigurationPlatforms) = postSolution
		{29285592-2F00-471A-904C-93476C8D6381}.Debug|Any CPU.ActiveCfg = Debug|Any CPU
		{29285592-2F00-471A-904C-93476C8D6381}.Debug|Any CPU.Build.0 = Debug|Any CPU
		{29285592-2F00-471A-904C-93476C8D6381}.Release|Any CPU.ActiveCfg = Release|Any CPU
		{29285592-2F00-471A-904C-93476C8D6381}.Release|Any CPU.Build.0 = Release|Any CPU
	EndGlobalSection
	GlobalSection(SolutionProperties) = preSolution
		HideSolutionNode = FALSE
	EndGlobalSection
	GlobalSection(ExtensibilityGlobals) = postSolution
		SolutionGuid = {1D2CD59B-DAE1-443F-824C-53B0A15D81F8}
	EndGlobalSection
EndGlobal
